
Microsoft Visual Studio Solution File, Format Version 12.00
# Visual Studio 15
VisualStudioVersion = 15.0.27703.2035
MinimumVisualStudioVersion = 10.0.40219.1
Project("{FAE04EC0-301F-11D3-BF4B-00C04F79EFBC}") = "showGraph", "AlwaysAWE\showGraph.csproj", "{750B0A65-394F-4066-9622-3B936BF00126}"
EndProject
Project("{FAE04EC0-301F-11D3-BF4B-00C04F79EFBC}") = "CleanData", "CleanData\CleanData.csproj", "{5F39422F-CB22-4BD3-958D-6518B39FE0B2}"
EndProject
Global
	GlobalSection(SolutionConfigurationPlatforms) = preSolution
		Debug|Any CPU = Debug|Any CPU
		Release|Any CPU = Release|Any CPU
	EndGlobalSection
	GlobalSection(ProjectConfigurationPlatforms) = postSolution
		{750B0A65-394F-4066-9622-3B936BF00126}.Debug|Any CPU.ActiveCfg = Debug|Any CPU
		{750B0A65-394F-4066-9622-3B936BF00126}.Debug|Any CPU.Build.0 = Debug|Any CPU
		{750B0A65-394F-4066-9622-3B936BF00126}.Release|Any CPU.ActiveCfg = Release|Any CPU
		{750B0A65-394F-4066-9622-3B936BF00126}.Release|Any CPU.Build.0 = Release|Any CPU
		{5F39422F-CB22-4BD3-958D-6518B39FE0B2}.Debug|Any CPU.ActiveCfg = Debug|Any CPU
		{5F39422F-CB22-4BD3-958D-6518B39FE0B2}.Debug|Any CPU.Build.0 = Debug|Any CPU
		{5F39422F-CB22-4BD3-958D-6518B39FE0B2}.Release|Any CPU.ActiveCfg = Release|Any CPU
		{5F39422F-CB22-4BD3-958D-6518B39FE0B2}.Release|Any CPU.Build.0 = Release|Any CPU
	EndGlobalSection
	GlobalSection(SolutionProperties) = preSolution
		HideSolutionNode = FALSE
	EndGlobalSection
	GlobalSection(ExtensibilityGlobals) = postSolution
		SolutionGuid = {4281DD8D-AE22-4FD7-92CF-D06F85FB6142}
	EndGlobalSection
EndGlobal
